
Microsoft Visual Studio Solution File, Format Version 12.00
# Visual Studio Version 17
VisualStudioVersion = 17.2.32602.215
MinimumVisualStudioVersion = 10.0.40219.1
Project("{2150E333-8FDC-42A3-9474-1A3956D46DE8}") = "src", "src", "{701A7D92-0ED3-4616-A526-8B336B207232}"
EndProject
Project("{9A19103F-16F7-4668-BE54-9A1E7A4F7556}") = "WebApiDockerExample.WebApi", "src\WebApiDockerExample.WebApi\WebApiDockerExample.WebApi.csproj", "{9A6FEE39-EE92-4098-9231-F0A050335128}"
EndProject
Global
	GlobalSection(SolutionConfigurationPlatforms) = preSolution
		Debug|Any CPU = Debug|Any CPU
		Release|Any CPU = Release|Any CPU
	EndGlobalSection
	GlobalSection(ProjectConfigurationPlatforms) = postSolution
		{9A6FEE39-EE92-4098-9231-F0A050335128}.Debug|Any CPU.ActiveCfg = Debug|Any CPU
		{9A6FEE39-EE92-4098-9231-F0A050335128}.Debug|Any CPU.Build.0 = Debug|Any CPU
		{9A6FEE39-EE92-4098-9231-F0A050335128}.Release|Any CPU.ActiveCfg = Release|Any CPU
		{9A6FEE39-EE92-4098-9231-F0A050335128}.Release|Any CPU.Build.0 = Release|Any CPU
	EndGlobalSection
	GlobalSection(SolutionProperties) = preSolution
		HideSolutionNode = FALSE
	EndGlobalSection
	GlobalSection(NestedProjects) = preSolution
		{9A6FEE39-EE92-4098-9231-F0A050335128} = {701A7D92-0ED3-4616-A526-8B336B207232}
	EndGlobalSection
	GlobalSection(ExtensibilityGlobals) = postSolution
		SolutionGuid = {B4D86D69-342D-4477-8D22-D3B59C0F25CE}
	EndGlobalSection
EndGlobal
